
Microsoft Visual Studio Solution File, Format Version 12.00
# Visual Studio Version 16
VisualStudioVersion = 16.0.30907.101
MinimumVisualStudioVersion = 10.0.40219.1
Project("{FAE04EC0-301F-11D3-BF4B-00C04F79EFBC}") = "WebAutomation", "WebAutomation.csproj", "{CDE4B543-6A56-4ABC-859E-E8CE743A05C1}"
EndProject
Global
	GlobalSection(SolutionConfigurationPlatforms) = preSolution
		Debug|Any CPU = Debug|Any CPU
		Release|Any CPU = Release|Any CPU
	EndGlobalSection
	GlobalSection(ProjectConfigurationPlatforms) = postSolution
		{CDE4B543-6A56-4ABC-859E-E8CE743A05C1}.Debug|Any CPU.ActiveCfg = Debug|Any CPU
		{CDE4B543-6A56-4ABC-859E-E8CE743A05C1}.Debug|Any CPU.Build.0 = Debug|Any CPU
		{CDE4B543-6A56-4ABC-859E-E8CE743A05C1}.Release|Any CPU.ActiveCfg = Release|Any CPU
		{CDE4B543-6A56-4ABC-859E-E8CE743A05C1}.Release|Any CPU.Build.0 = Release|Any CPU
	EndGlobalSection
	GlobalSection(SolutionProperties) = preSolution
		HideSolutionNode = FALSE
	EndGlobalSection
	GlobalSection(ExtensibilityGlobals) = postSolution
		SolutionGuid = {31A8BE31-17DA-44D4-AF6C-B6EF9C7E528C}
	EndGlobalSection
EndGlobal
